
Microsoft Visual Studio Solution File, Format Version 12.00
# Visual Studio Version 17
VisualStudioVersion = 17.9.34728.123
MinimumVisualStudioVersion = 10.0.40219.1
Project("{FAE04EC0-301F-11D3-BF4B-00C04F79EFBC}") = "VARIAVEIS_CONSTANTES", "VARIAVEIS_CONSTANTES\VARIAVEIS_CONSTANTES.csproj", "{79D0DDD7-F776-4E29-8BB8-617134794173}"
EndProject
Global
	GlobalSection(SolutionConfigurationPlatforms) = preSolution
		Debug|Any CPU = Debug|Any CPU
		Release|Any CPU = Release|Any CPU
	EndGlobalSection
	GlobalSection(ProjectConfigurationPlatforms) = postSolution
		{79D0DDD7-F776-4E29-8BB8-617134794173}.Debug|Any CPU.ActiveCfg = Debug|Any CPU
		{79D0DDD7-F776-4E29-8BB8-617134794173}.Debug|Any CPU.Build.0 = Debug|Any CPU
		{79D0DDD7-F776-4E29-8BB8-617134794173}.Release|Any CPU.ActiveCfg = Release|Any CPU
		{79D0DDD7-F776-4E29-8BB8-617134794173}.Release|Any CPU.Build.0 = Release|Any CPU
	EndGlobalSection
	GlobalSection(SolutionProperties) = preSolution
		HideSolutionNode = FALSE
	EndGlobalSection
	GlobalSection(ExtensibilityGlobals) = postSolution
		SolutionGuid = {59AFEA0C-9472-47F2-A071-1F9F8D309DD1}
	EndGlobalSection
EndGlobal
